<?xml version="1.0" encoding="utf-8"?>
<Project ToolsVersion="4.0" xmlns="http://schemas.microsoft.com/developer/msbuild/2003">
  <ItemGroup>
    <ClCompile Include="..\thirdparty\miniz\miniz_tinfl.c">
      <Filter>thirdparty</Filter>
    </ClCompile>
    <ClCompile Include="..\thirdparty\miniz\miniz_zip.c">
      <Filter>thirdparty</Filter>
    </ClCompile>
    <ClCompile Include="..\thirdparty\miniz\miniz.c">
      <Filter>thirdparty</Filter>
    </ClCompile>
    <ClCompile Include="..\thirdparty\miniz\miniz_tdef.c">
      <Filter>thirdparty</Filter>
    </ClCompile>
    <ClCompile Include="..\thirdparty\json11\json11.cpp">
      <Filter>thirdparty</Filter>
    </ClCompile>
    <ClCompile Include="..\src\ArArchive.cpp" />
    <ClCompile Include="..\src\PblLibrary.cpp" />
    <ClCompile Include="..\src\main.cpp" />
    <ClCompile Include="..\src\PblAppBinary.cpp" />
    <ClCompile Include="..\src\PblAppArchive.cpp" />
  </ItemGroup>
  <ItemGroup>
    <ClInclude Include="..\src\pbw_api_info.h" />
    <ClInclude Include="..\thirdparty\miniz\miniz_tinfl.h">
      <Filter>thirdparty</Filter>
    </ClInclude>
    <ClInclude Include="..\thirdparty\miniz\miniz_zip.h">
      <Filter>thirdparty</Filter>
    </ClInclude>
    <ClInclude Include="..\thirdparty\miniz\miniz.h">
      <Filter>thirdparty</Filter>
    </ClInclude>
    <ClInclude Include="..\thirdparty\miniz\miniz_common.h">
      <Filter>thirdparty</Filter>
    </ClInclude>
    <ClInclude Include="..\thirdparty\miniz\miniz_tdef.h">
      <Filter>thirdparty</Filter>
    </ClInclude>
    <ClInclude Include="..\thirdparty\json11\json11.hpp">
      <Filter>thirdparty</Filter>
    </ClInclude>
    <ClInclude Include="..\thirdparty\elfio\elfio\elfio.hpp">
      <Filter>thirdparty</Filter>
    </ClInclude>
    <ClInclude Include="..\thirdparty\elfio\elfio\elfio_relocation.hpp">
      <Filter>thirdparty</Filter>
    </ClInclude>
    <ClInclude Include="..\thirdparty\elfio\elfio\elfio_section.hpp">
      <Filter>thirdparty</Filter>
    </ClInclude>
    <ClInclude Include="..\thirdparty\elfio\elfio\elfio_segment.hpp">
      <Filter>thirdparty</Filter>
    </ClInclude>
    <ClInclude Include="..\thirdparty\elfio\elfio\elfio_strings.hpp">
      <Filter>thirdparty</Filter>
    </ClInclude>
    <ClInclude Include="..\thirdparty\elfio\elfio\elfio_symbols.hpp">
      <Filter>thirdparty</Filter>
    </ClInclude>
    <ClInclude Include="..\thirdparty\elfio\elfio\elfio_utils.hpp">
      <Filter>thirdparty</Filter>
    </ClInclude>
    <ClInclude Include="..\thirdparty\elfio\elfio\elf_types.hpp">
      <Filter>thirdparty</Filter>
    </ClInclude>
    <ClInclude Include="..\thirdparty\elfio\elfio\elfio_dump.hpp">
      <Filter>thirdparty</Filter>
    </ClInclude>
    <ClInclude Include="..\thirdparty\elfio\elfio\elfio_dynamic.hpp">
      <Filter>thirdparty</Filter>
    </ClInclude>
    <ClInclude Include="..\thirdparty\elfio\elfio\elfio_header.hpp">
      <Filter>thirdparty</Filter>
    </ClInclude>
    <ClInclude Include="..\thirdparty\elfio\elfio\elfio_note.hpp">
      <Filter>thirdparty</Filter>
    </ClInclude>
    <ClInclude Include="..\thirdparty\elfio\elfio\elfio_loader.hpp">
      <Filter>thirdparty</Filter>
    </ClInclude>
  </ItemGroup>
  <ItemGroup>
    <Filter Include="thirdparty">
      <UniqueIdentifier>{2b3c1666-e068-4ac8-9058-7800fd2c950e}</UniqueIdentifier>
    </Filter>
  </ItemGroup>
</Project>